<?xml version="1.0" encoding="utf-8"?>
<Project ToolsVersion="4.0" xmlns="http://schemas.microsoft.com/developer/msbuild/2003">
  <ItemGroup>
    <ClCompile Include="main.cpp">
      <Filter>Src</Filter>
    </ClCompile>
    <ClCompile Include="TEST0136.cpp">
      <Filter>Src</Filter>
    </ClCompile>
  </ItemGroup>
  <ItemGroup>
    <Filter Include="Headers">
      <UniqueIdentifier>{8799b4a1-63fa-4bdc-96de-ab2f0d7d34cc}</UniqueIdentifier>
    </Filter>
    <Filter Include="Src">
      <UniqueIdentifier>{009247ca-9033-412c-9faa-8f2c1e606f29}</UniqueIdentifier>
    </Filter>
    <Filter Include="Forms">
      <UniqueIdentifier>{edbd82a7-cc60-45bd-a2dd-3a41aa1d9ca6}</UniqueIdentifier>
    </Filter>
    <Filter Include="Res">
      <UniqueIdentifier>{79799a0a-cdc2-4aed-9c72-774580e6f786}</UniqueIdentifier>
    </Filter>
  </ItemGroup>
  <ItemGroup>
    <QtRcc Include="TEST0136.qrc">
      <Filter>Res</Filter>
    </QtRcc>
  </ItemGroup>
  <ItemGroup>
    <QtUic Include="TEST0136.ui">
      <Filter>Forms</Filter>
    </QtUic>
  </ItemGroup>
  <ItemGroup>
    <QtMoc Include="TEST0136.h">
      <Filter>Headers</Filter>
    </QtMoc>
  </ItemGroup>
</Project>